
Microsoft Visual Studio Solution File, Format Version 12.00
# Visual Studio Version 17
VisualStudioVersion = 17.8.34316.72
MinimumVisualStudioVersion = 10.0.40219.1
Project("{FAE04EC0-301F-11D3-BF4B-00C04F79EFBC}") = "Week3Switch", "Week3Switch\Week3Switch.csproj", "{B6F9AB5B-2D50-45A1-A69D-98A7D9749E34}"
EndProject
Project("{FAE04EC0-301F-11D3-BF4B-00C04F79EFBC}") = "Week3RemainderOperator", "Week3RemainderOperator\Week3RemainderOperator.csproj", "{A2FABEB8-FCC5-4846-A578-48DDA6BAA80C}"
EndProject
Global
	GlobalSection(SolutionConfigurationPlatforms) = preSolution
		Debug|Any CPU = Debug|Any CPU
		Release|Any CPU = Release|Any CPU
	EndGlobalSection
	GlobalSection(ProjectConfigurationPlatforms) = postSolution
		{B6F9AB5B-2D50-45A1-A69D-98A7D9749E34}.Debug|Any CPU.ActiveCfg = Debug|Any CPU
		{B6F9AB5B-2D50-45A1-A69D-98A7D9749E34}.Debug|Any CPU.Build.0 = Debug|Any CPU
		{B6F9AB5B-2D50-45A1-A69D-98A7D9749E34}.Release|Any CPU.ActiveCfg = Release|Any CPU
		{B6F9AB5B-2D50-45A1-A69D-98A7D9749E34}.Release|Any CPU.Build.0 = Release|Any CPU
		{A2FABEB8-FCC5-4846-A578-48DDA6BAA80C}.Debug|Any CPU.ActiveCfg = Debug|Any CPU
		{A2FABEB8-FCC5-4846-A578-48DDA6BAA80C}.Debug|Any CPU.Build.0 = Debug|Any CPU
		{A2FABEB8-FCC5-4846-A578-48DDA6BAA80C}.Release|Any CPU.ActiveCfg = Release|Any CPU
		{A2FABEB8-FCC5-4846-A578-48DDA6BAA80C}.Release|Any CPU.Build.0 = Release|Any CPU
	EndGlobalSection
	GlobalSection(SolutionProperties) = preSolution
		HideSolutionNode = FALSE
	EndGlobalSection
	GlobalSection(ExtensibilityGlobals) = postSolution
		SolutionGuid = {18C5DFC3-EABA-4350-B9C0-25233564BA6B}
	EndGlobalSection
EndGlobal
